
Microsoft Visual Studio Solution File, Format Version 12.00
# Visual Studio Version 16
VisualStudioVersion = 16.0.29709.97
MinimumVisualStudioVersion = 10.0.40219.1
Project("{FAE04EC0-301F-11D3-BF4B-00C04F79EFBC}") = "DependencyInjectionExample", "DependencyInjectionExample\DependencyInjectionExample.csproj", "{A55D06C3-FA5C-41EB-8471-009D4DAEB666}"
EndProject
Project("{FAE04EC0-301F-11D3-BF4B-00C04F79EFBC}") = "DependencyInjectionExample.Tests", "DependencyInjectionExample.Tests\DependencyInjectionExample.Tests.csproj", "{08189742-BC38-4DED-A917-2B4951FBAF59}"
EndProject
Global
	GlobalSection(SolutionConfigurationPlatforms) = preSolution
		Debug|Any CPU = Debug|Any CPU
		Release|Any CPU = Release|Any CPU
	EndGlobalSection
	GlobalSection(ProjectConfigurationPlatforms) = postSolution
		{A55D06C3-FA5C-41EB-8471-009D4DAEB666}.Debug|Any CPU.ActiveCfg = Debug|Any CPU
		{A55D06C3-FA5C-41EB-8471-009D4DAEB666}.Debug|Any CPU.Build.0 = Debug|Any CPU
		{A55D06C3-FA5C-41EB-8471-009D4DAEB666}.Release|Any CPU.ActiveCfg = Release|Any CPU
		{A55D06C3-FA5C-41EB-8471-009D4DAEB666}.Release|Any CPU.Build.0 = Release|Any CPU
		{08189742-BC38-4DED-A917-2B4951FBAF59}.Debug|Any CPU.ActiveCfg = Debug|Any CPU
		{08189742-BC38-4DED-A917-2B4951FBAF59}.Debug|Any CPU.Build.0 = Debug|Any CPU
		{08189742-BC38-4DED-A917-2B4951FBAF59}.Release|Any CPU.ActiveCfg = Release|Any CPU
		{08189742-BC38-4DED-A917-2B4951FBAF59}.Release|Any CPU.Build.0 = Release|Any CPU
	EndGlobalSection
	GlobalSection(SolutionProperties) = preSolution
		HideSolutionNode = FALSE
	EndGlobalSection
	GlobalSection(ExtensibilityGlobals) = postSolution
		SolutionGuid = {65A24094-2DB5-4439-A975-FBFE952EE051}
	EndGlobalSection
EndGlobal
